
Microsoft Visual Studio Solution File, Format Version 12.00
# Visual Studio 15
VisualStudioVersion = 15.0.27004.2006
MinimumVisualStudioVersion = 10.0.40219.1
Project("{FAE04EC0-301F-11D3-BF4B-00C04F79EFBC}") = "PL", "WpfApp1\PL.csproj", "{96B7DE83-C8D0-428E-826F-53CA061DBD36}"
EndProject
Project("{FAE04EC0-301F-11D3-BF4B-00C04F79EFBC}") = "BE", "BE\BE.csproj", "{7C21C983-F0EA-4520-885E-A41E9EF27D3A}"
EndProject
Project("{FAE04EC0-301F-11D3-BF4B-00C04F79EFBC}") = "BL", "BL\BL.csproj", "{EE6293BE-94DC-478D-9EDC-D3673D0FED8F}"
EndProject
Project("{FAE04EC0-301F-11D3-BF4B-00C04F79EFBC}") = "DAL", "DAL\DAL.csproj", "{AFBE7B67-3F96-41A9-A50E-94C5A3AFF81D}"
EndProject
Global
	GlobalSection(SolutionConfigurationPlatforms) = preSolution
		Debug|Any CPU = Debug|Any CPU
		Release|Any CPU = Release|Any CPU
	EndGlobalSection
	GlobalSection(ProjectConfigurationPlatforms) = postSolution
		{96B7DE83-C8D0-428E-826F-53CA061DBD36}.Debug|Any CPU.ActiveCfg = Debug|Any CPU
		{96B7DE83-C8D0-428E-826F-53CA061DBD36}.Debug|Any CPU.Build.0 = Debug|Any CPU
		{96B7DE83-C8D0-428E-826F-53CA061DBD36}.Release|Any CPU.ActiveCfg = Release|Any CPU
		{96B7DE83-C8D0-428E-826F-53CA061DBD36}.Release|Any CPU.Build.0 = Release|Any CPU
		{7C21C983-F0EA-4520-885E-A41E9EF27D3A}.Debug|Any CPU.ActiveCfg = Debug|Any CPU
		{7C21C983-F0EA-4520-885E-A41E9EF27D3A}.Debug|Any CPU.Build.0 = Debug|Any CPU
		{7C21C983-F0EA-4520-885E-A41E9EF27D3A}.Release|Any CPU.ActiveCfg = Release|Any CPU
		{7C21C983-F0EA-4520-885E-A41E9EF27D3A}.Release|Any CPU.Build.0 = Release|Any CPU
		{EE6293BE-94DC-478D-9EDC-D3673D0FED8F}.Debug|Any CPU.ActiveCfg = Debug|Any CPU
		{EE6293BE-94DC-478D-9EDC-D3673D0FED8F}.Debug|Any CPU.Build.0 = Debug|Any CPU
		{EE6293BE-94DC-478D-9EDC-D3673D0FED8F}.Release|Any CPU.ActiveCfg = Release|Any CPU
		{EE6293BE-94DC-478D-9EDC-D3673D0FED8F}.Release|Any CPU.Build.0 = Release|Any CPU
		{AFBE7B67-3F96-41A9-A50E-94C5A3AFF81D}.Debug|Any CPU.ActiveCfg = Debug|Any CPU
		{AFBE7B67-3F96-41A9-A50E-94C5A3AFF81D}.Debug|Any CPU.Build.0 = Debug|Any CPU
		{AFBE7B67-3F96-41A9-A50E-94C5A3AFF81D}.Release|Any CPU.ActiveCfg = Release|Any CPU
		{AFBE7B67-3F96-41A9-A50E-94C5A3AFF81D}.Release|Any CPU.Build.0 = Release|Any CPU
	EndGlobalSection
	GlobalSection(SolutionProperties) = preSolution
		HideSolutionNode = FALSE
	EndGlobalSection
	GlobalSection(ExtensibilityGlobals) = postSolution
		SolutionGuid = {3E69C5D7-2009-408C-8A5E-C8054FBAD461}
	EndGlobalSection
EndGlobal
